
Microsoft Visual Studio Solution File, Format Version 12.00
# Visual Studio 15
VisualStudioVersion = 15.0.27703.2018
MinimumVisualStudioVersion = 10.0.40219.1
Project("{9A19103F-16F7-4668-BE54-9A1E7A4F7556}") = "Doctrina.WebUI", "Doctrina.WebUI\Doctrina.WebUI.csproj", "{BDFD681A-BC12-45BA-BB78-7591AC12E2D7}"
EndProject
Project("{9A19103F-16F7-4668-BE54-9A1E7A4F7556}") = "Doctrina.xAPI", "Doctrina.xAPI\Doctrina.xAPI.csproj", "{ACF66BE0-D279-4F47-AAF3-3681CF4E2803}"
EndProject
Project("{9A19103F-16F7-4668-BE54-9A1E7A4F7556}") = "Doctrina.Persistence", "Doctrina.Persistence\Doctrina.Persistence.csproj", "{F6E7788B-2ACD-4670-A55B-21A49AD88903}"
EndProject
Project("{E53339B2-1760-4266-BCC7-CA923CBCF16C}") = "docker-compose", "docker-compose.dcproj", "{09390684-6AF6-4E60-B025-D6143D051B49}"
EndProject
Project("{9A19103F-16F7-4668-BE54-9A1E7A4F7556}") = "Doctrina.xAPI.Tests", "Doctrina.xAPI.Tests\Doctrina.xAPI.Tests.csproj", "{32D23789-E19B-40D1-923C-10A959B1B8AC}"
EndProject
Project("{9A19103F-16F7-4668-BE54-9A1E7A4F7556}") = "Doctrina.xAPI.LRS", "Doctrina.xAPI.LRS\Doctrina.xAPI.LRS.csproj", "{49FD475F-B9AB-443A-83AD-029855301A20}"
EndProject
Project("{9A19103F-16F7-4668-BE54-9A1E7A4F7556}") = "Doctrina.Domain", "Doctrina.Domain\Doctrina.Domain.csproj", "{FEBAC493-29F8-40A4-BB43-F47D22DC515C}"
EndProject
Project("{9A19103F-16F7-4668-BE54-9A1E7A4F7556}") = "Doctrina.Application", "Doctrina.Application\Doctrina.Application.csproj", "{920015DA-00A9-4C8F-A525-476270445221}"
EndProject
Project("{FAE04EC0-301F-11D3-BF4B-00C04F79EFBC}") = "Doctrina.Common", "Doctrina.Common\Doctrina.Common.csproj", "{1830FF69-DD2E-4067-9667-9EA39B5B5E2E}"
EndProject
Project("{FAE04EC0-301F-11D3-BF4B-00C04F79EFBC}") = "Doctrina.Infrastructure", "Doctrina.Infrastructure\Doctrina.Infrastructure.csproj", "{6CEE3F53-707F-47E2-92CC-6D9CF7360E62}"
EndProject
Global
	GlobalSection(SolutionConfigurationPlatforms) = preSolution
		Debug|Any CPU = Debug|Any CPU
		Release|Any CPU = Release|Any CPU
	EndGlobalSection
	GlobalSection(ProjectConfigurationPlatforms) = postSolution
		{BDFD681A-BC12-45BA-BB78-7591AC12E2D7}.Debug|Any CPU.ActiveCfg = Debug|Any CPU
		{BDFD681A-BC12-45BA-BB78-7591AC12E2D7}.Debug|Any CPU.Build.0 = Debug|Any CPU
		{BDFD681A-BC12-45BA-BB78-7591AC12E2D7}.Release|Any CPU.ActiveCfg = Release|Any CPU
		{BDFD681A-BC12-45BA-BB78-7591AC12E2D7}.Release|Any CPU.Build.0 = Release|Any CPU
		{ACF66BE0-D279-4F47-AAF3-3681CF4E2803}.Debug|Any CPU.ActiveCfg = Debug|Any CPU
		{ACF66BE0-D279-4F47-AAF3-3681CF4E2803}.Debug|Any CPU.Build.0 = Debug|Any CPU
		{ACF66BE0-D279-4F47-AAF3-3681CF4E2803}.Release|Any CPU.ActiveCfg = Release|Any CPU
		{ACF66BE0-D279-4F47-AAF3-3681CF4E2803}.Release|Any CPU.Build.0 = Release|Any CPU
		{F6E7788B-2ACD-4670-A55B-21A49AD88903}.Debug|Any CPU.ActiveCfg = Debug|Any CPU
		{F6E7788B-2ACD-4670-A55B-21A49AD88903}.Debug|Any CPU.Build.0 = Debug|Any CPU
		{F6E7788B-2ACD-4670-A55B-21A49AD88903}.Release|Any CPU.ActiveCfg = Release|Any CPU
		{F6E7788B-2ACD-4670-A55B-21A49AD88903}.Release|Any CPU.Build.0 = Release|Any CPU
		{09390684-6AF6-4E60-B025-D6143D051B49}.Debug|Any CPU.ActiveCfg = Debug|Any CPU
		{09390684-6AF6-4E60-B025-D6143D051B49}.Debug|Any CPU.Build.0 = Debug|Any CPU
		{09390684-6AF6-4E60-B025-D6143D051B49}.Release|Any CPU.ActiveCfg = Release|Any CPU
		{09390684-6AF6-4E60-B025-D6143D051B49}.Release|Any CPU.Build.0 = Release|Any CPU
		{32D23789-E19B-40D1-923C-10A959B1B8AC}.Debug|Any CPU.ActiveCfg = Debug|Any CPU
		{32D23789-E19B-40D1-923C-10A959B1B8AC}.Debug|Any CPU.Build.0 = Debug|Any CPU
		{32D23789-E19B-40D1-923C-10A959B1B8AC}.Release|Any CPU.ActiveCfg = Release|Any CPU
		{32D23789-E19B-40D1-923C-10A959B1B8AC}.Release|Any CPU.Build.0 = Release|Any CPU
		{49FD475F-B9AB-443A-83AD-029855301A20}.Debug|Any CPU.ActiveCfg = Debug|Any CPU
		{49FD475F-B9AB-443A-83AD-029855301A20}.Debug|Any CPU.Build.0 = Debug|Any CPU
		{49FD475F-B9AB-443A-83AD-029855301A20}.Release|Any CPU.ActiveCfg = Release|Any CPU
		{49FD475F-B9AB-443A-83AD-029855301A20}.Release|Any CPU.Build.0 = Release|Any CPU
		{FEBAC493-29F8-40A4-BB43-F47D22DC515C}.Debug|Any CPU.ActiveCfg = Debug|Any CPU
		{FEBAC493-29F8-40A4-BB43-F47D22DC515C}.Debug|Any CPU.Build.0 = Debug|Any CPU
		{FEBAC493-29F8-40A4-BB43-F47D22DC515C}.Release|Any CPU.ActiveCfg = Release|Any CPU
		{FEBAC493-29F8-40A4-BB43-F47D22DC515C}.Release|Any CPU.Build.0 = Release|Any CPU
		{920015DA-00A9-4C8F-A525-476270445221}.Debug|Any CPU.ActiveCfg = Debug|Any CPU
		{920015DA-00A9-4C8F-A525-476270445221}.Debug|Any CPU.Build.0 = Debug|Any CPU
		{920015DA-00A9-4C8F-A525-476270445221}.Release|Any CPU.ActiveCfg = Release|Any CPU
		{920015DA-00A9-4C8F-A525-476270445221}.Release|Any CPU.Build.0 = Release|Any CPU
		{1830FF69-DD2E-4067-9667-9EA39B5B5E2E}.Debug|Any CPU.ActiveCfg = Debug|Any CPU
		{1830FF69-DD2E-4067-9667-9EA39B5B5E2E}.Debug|Any CPU.Build.0 = Debug|Any CPU
		{1830FF69-DD2E-4067-9667-9EA39B5B5E2E}.Release|Any CPU.ActiveCfg = Release|Any CPU
		{1830FF69-DD2E-4067-9667-9EA39B5B5E2E}.Release|Any CPU.Build.0 = Release|Any CPU
		{6CEE3F53-707F-47E2-92CC-6D9CF7360E62}.Debug|Any CPU.ActiveCfg = Debug|Any CPU
		{6CEE3F53-707F-47E2-92CC-6D9CF7360E62}.Debug|Any CPU.Build.0 = Debug|Any CPU
		{6CEE3F53-707F-47E2-92CC-6D9CF7360E62}.Release|Any CPU.ActiveCfg = Release|Any CPU
		{6CEE3F53-707F-47E2-92CC-6D9CF7360E62}.Release|Any CPU.Build.0 = Release|Any CPU
	EndGlobalSection
	GlobalSection(SolutionProperties) = preSolution
		HideSolutionNode = FALSE
	EndGlobalSection
	GlobalSection(ExtensibilityGlobals) = postSolution
		SolutionGuid = {7EE7BE7D-2058-402A-8A73-CA9D459BF32B}
	EndGlobalSection
EndGlobal
